{
  "name": "automateall",
  "version": "1.0.0",
  "lockfileVersion": 1,
  "requires": true,
  "dependencies": {
    "sal.js": {
      "version": "0.8.1",
      "resolved": "https://registry.npmjs.org/sal.js/-/sal.js-0.8.1.tgz",
      "integrity": "sha512-/4xIjWtFgPRf7WgO2cI4L1jE1O5MKgZmLjF1AJxvLV4QnB29585ocyv1atjOGnhV+seD4O7oOWJo6DvgJSKz4g=="
    }
  }
}
